
Microsoft Visual Studio Solution File, Format Version 12.00
# Visual Studio 15
VisualStudioVersion = 15.0.27130.2010
MinimumVisualStudioVersion = 10.0.40219.1
Project("{FAE04EC0-301F-11D3-BF4B-00C04F79EFBC}") = "Vidly", "Vidly\Vidly.csproj", "{C5E3D372-A99C-4712-B812-FA8359EB65C3}"
EndProject
Global
	GlobalSection(SolutionConfigurationPlatforms) = preSolution
		Debug|Any CPU = Debug|Any CPU
		Release|Any CPU = Release|Any CPU
	EndGlobalSection
	GlobalSection(ProjectConfigurationPlatforms) = postSolution
		{C5E3D372-A99C-4712-B812-FA8359EB65C3}.Debug|Any CPU.ActiveCfg = Debug|Any CPU
		{C5E3D372-A99C-4712-B812-FA8359EB65C3}.Debug|Any CPU.Build.0 = Debug|Any CPU
		{C5E3D372-A99C-4712-B812-FA8359EB65C3}.Release|Any CPU.ActiveCfg = Release|Any CPU
		{C5E3D372-A99C-4712-B812-FA8359EB65C3}.Release|Any CPU.Build.0 = Release|Any CPU
	EndGlobalSection
	GlobalSection(SolutionProperties) = preSolution
		HideSolutionNode = FALSE
	EndGlobalSection
	GlobalSection(ExtensibilityGlobals) = postSolution
		SolutionGuid = {1C0630CC-062C-4762-BAE5-9BD770838002}
	EndGlobalSection
EndGlobal
